lockfileVersion: '9.0'

settings:
  autoInstallPeers: true
  excludeLinksFromLockfile: false

importers:

  .:
    dependencies:
      cookie-parser:
        specifier: ^1.4.7
        version: 1.4.7
    devDependencies:
      '@types/cookie-parser':
        specifier: ^1.4.10
        version: 1.4.10(@types/express@5.0.6)

packages:

  '@types/body-parser@1.19.6':
    resolution: {integrity: sha512-HLFeCYgz89uk22N5Qg3dvGvsv46B8GLvKKo1zKG4NybA8U2DiEO3w9lqGg29t/tfLRJpJ6iQxnVw4OnB7MoM9g==}

  '@types/connect@3.4.38':
    resolution: {integrity: sha512-K6uROf1LD88uDQqJCktA4yzL1YYAK6NgfsI0v/mTgyPKWsX1CnJ0XPSDhViejru1GcRkLWb8RlzFYJRqGUbaug==}

  '@types/cookie-parser@1.4.10':
    resolution: {integrity: sha512-B4xqkqfZ8Wek+rCOeRxsjMS9OgvzebEzzLYw7NHYuvzb7IdxOkI0ZHGgeEBX4PUM7QGVvNSK60T3OvWj3YfBRg==}
    peerDependencies:
      '@types/express': '*'

  '@types/express-serve-static-core@5.1.0':
    resolution: {integrity: sha512-jnHMsrd0Mwa9Cf4IdOzbz543y4XJepXrbia2T4b6+spXC2We3t1y6K44D3mR8XMFSXMCf3/l7rCgddfx7UNVBA==}

  '@types/express@5.0.6':
    resolution: {integrity: sha512-sKYVuV7Sv9fbPIt/442koC7+IIwK5olP1KWeD88e/idgoJqDm3JV/YUiPwkoKK92ylff2MGxSz1CSjsXelx0YA==}

  '@types/http-errors@2.0.5':
    resolution: {integrity: sha512-r8Tayk8HJnX0FztbZN7oVqGccWgw98T/0neJphO91KkmOzug1KkofZURD4UaD5uH8AqcFLfdPErnBod0u71/qg==}

  '@types/node@25.0.1':
    resolution: {integrity: sha512-czWPzKIAXucn9PtsttxmumiQ9N0ok9FrBwgRWrwmVLlp86BrMExzvXRLFYRJ+Ex3g6yqj+KuaxfX1JTgV2lpfg==}

  '@types/qs@6.14.0':
    resolution: {integrity: sha512-eOunJqu0K1923aExK6y8p6fsihYEn/BYuQ4g0CxAAgFc4b/ZLN4CrsRZ55srTdqoiLzU2B2evC+apEIxprEzkQ==}

  '@types/range-parser@1.2.7':
    resolution: {integrity: sha512-hKormJbkJqzQGhziax5PItDUTMAM9uE2XXQmM37dyd4hVM+5aVl7oVxMVUiVQn2oCQFN/LKCZdvSM0pFRqbSmQ==}

  '@types/send@1.2.1':
    resolution: {integrity: sha512-arsCikDvlU99zl1g69TcAB3mzZPpxgw0UQnaHeC1Nwb015xp8bknZv5rIfri9xTOcMuaVgvabfIRA7PSZVuZIQ==}

  '@types/serve-static@2.2.0':
    resolution: {integrity: sha512-8mam4H1NHLtu7nmtalF7eyBH14QyOASmcxHhSfEoRyr0nP/YdoesEtU+uSRvMe96TW/HPTtkoKqQLl53N7UXMQ==}

  cookie-parser@1.4.7:
    resolution: {integrity: sha512-nGUvgXnotP3BsjiLX2ypbQnWoGUPIIfHQNZkkC668ntrzGWEZVW70HDEB1qnNGMicPje6EttlIgzo51YSwNQGw==}
    engines: {node: '>= 0.8.0'}

  cookie-signature@1.0.6:
    resolution: {integrity: sha512-QADzlaHc8icV8I7vbaJXJwod9HWYp8uCqf1xa4OfNu1T7JVxQIrUgOWtHdNDtPiywmFbiS12VjotIXLrKM3orQ==}

  cookie@0.7.2:
    resolution: {integrity: sha512-yki5XnKuf750l50uGTllt6kKILY4nQ1eNIQatoXEByZ5dWgnKqbnqmTrBE5B4N7lrMJKQ2ytWMiTO2o0v6Ew/w==}
    engines: {node: '>= 0.6'}

  undici-types@7.16.0:
    resolution: {integrity: sha512-Zz+aZWSj8LE6zoxD+xrjh4VfkIG8Ya6LvYkZqtUQGJPZjYl53ypCaUwWqo7eI0x66KBGeRo+mlBEkMSeSZ38Nw==}

snapshots:

  '@types/body-parser@1.19.6':
    dependencies:
      '@types/connect': 3.4.38
      '@types/node': 25.0.1

  '@types/connect@3.4.38':
    dependencies:
      '@types/node': 25.0.1

  '@types/cookie-parser@1.4.10(@types/express@5.0.6)':
    dependencies:
      '@types/express': 5.0.6

  '@types/express-serve-static-core@5.1.0':
    dependencies:
      '@types/node': 25.0.1
      '@types/qs': 6.14.0
      '@types/range-parser': 1.2.7
      '@types/send': 1.2.1

  '@types/express@5.0.6':
    dependencies:
      '@types/body-parser': 1.19.6
      '@types/express-serve-static-core': 5.1.0
      '@types/serve-static': 2.2.0

  '@types/http-errors@2.0.5': {}

  '@types/node@25.0.1':
    dependencies:
      undici-types: 7.16.0

  '@types/qs@6.14.0': {}

  '@types/range-parser@1.2.7': {}

  '@types/send@1.2.1':
    dependencies:
      '@types/node': 25.0.1

  '@types/serve-static@2.2.0':
    dependencies:
      '@types/http-errors': 2.0.5
      '@types/node': 25.0.1

  cookie-parser@1.4.7:
    dependencies:
      cookie: 0.7.2
      cookie-signature: 1.0.6

  cookie-signature@1.0.6: {}

  cookie@0.7.2: {}

  undici-types@7.16.0: {}
